
Microsoft Visual Studio Solution File, Format Version 12.00
# Visual Studio Version 16
VisualStudioVersion = 16.6.30114.105
MinimumVisualStudioVersion = 10.0.40219.1
Project("{FAE04EC0-301F-11D3-BF4B-00C04F79EFBC}") = "ValVenalEstimator.Api", "ValVenalEstimator.Api\ValVenalEstimator.Api.csproj", "{3D6C9BA1-7368-4C1C-9C68-71559DF510C0}"
EndProject
Project("{FAE04EC0-301F-11D3-BF4B-00C04F79EFBC}") = "ValVenalEstimator.Web", "ValVenalEstimator.Web\ValVenalEstimator.Web.csproj", "{08766652-234C-4569-B2F0-AC0BB5AB5DDE}"
EndProject
Global
	GlobalSection(SolutionConfigurationPlatforms) = preSolution
		Debug|Any CPU = Debug|Any CPU
		Debug|x64 = Debug|x64
		Debug|x86 = Debug|x86
		Release|Any CPU = Release|Any CPU
		Release|x64 = Release|x64
		Release|x86 = Release|x86
	EndGlobalSection
	GlobalSection(SolutionProperties) = preSolution
		HideSolutionNode = FALSE
	EndGlobalSection
	GlobalSection(ProjectConfigurationPlatforms) = postSolution
		{3D6C9BA1-7368-4C1C-9C68-71559DF510C0}.Debug|Any CPU.ActiveCfg = Debug|Any CPU
		{3D6C9BA1-7368-4C1C-9C68-71559DF510C0}.Debug|Any CPU.Build.0 = Debug|Any CPU
		{3D6C9BA1-7368-4C1C-9C68-71559DF510C0}.Debug|x64.ActiveCfg = Debug|Any CPU
		{3D6C9BA1-7368-4C1C-9C68-71559DF510C0}.Debug|x64.Build.0 = Debug|Any CPU
		{3D6C9BA1-7368-4C1C-9C68-71559DF510C0}.Debug|x86.ActiveCfg = Debug|Any CPU
		{3D6C9BA1-7368-4C1C-9C68-71559DF510C0}.Debug|x86.Build.0 = Debug|Any CPU
		{3D6C9BA1-7368-4C1C-9C68-71559DF510C0}.Release|Any CPU.ActiveCfg = Release|Any CPU
		{3D6C9BA1-7368-4C1C-9C68-71559DF510C0}.Release|Any CPU.Build.0 = Release|Any CPU
		{3D6C9BA1-7368-4C1C-9C68-71559DF510C0}.Release|x64.ActiveCfg = Release|Any CPU
		{3D6C9BA1-7368-4C1C-9C68-71559DF510C0}.Release|x64.Build.0 = Release|Any CPU
		{3D6C9BA1-7368-4C1C-9C68-71559DF510C0}.Release|x86.ActiveCfg = Release|Any CPU
		{3D6C9BA1-7368-4C1C-9C68-71559DF510C0}.Release|x86.Build.0 = Release|Any CPU
		{08766652-234C-4569-B2F0-AC0BB5AB5DDE}.Debug|Any CPU.ActiveCfg = Debug|Any CPU
		{08766652-234C-4569-B2F0-AC0BB5AB5DDE}.Debug|Any CPU.Build.0 = Debug|Any CPU
		{08766652-234C-4569-B2F0-AC0BB5AB5DDE}.Debug|x64.ActiveCfg = Debug|Any CPU
		{08766652-234C-4569-B2F0-AC0BB5AB5DDE}.Debug|x64.Build.0 = Debug|Any CPU
		{08766652-234C-4569-B2F0-AC0BB5AB5DDE}.Debug|x86.ActiveCfg = Debug|Any CPU
		{08766652-234C-4569-B2F0-AC0BB5AB5DDE}.Debug|x86.Build.0 = Debug|Any CPU
		{08766652-234C-4569-B2F0-AC0BB5AB5DDE}.Release|Any CPU.ActiveCfg = Release|Any CPU
		{08766652-234C-4569-B2F0-AC0BB5AB5DDE}.Release|Any CPU.Build.0 = Release|Any CPU
		{08766652-234C-4569-B2F0-AC0BB5AB5DDE}.Release|x64.ActiveCfg = Release|Any CPU
		{08766652-234C-4569-B2F0-AC0BB5AB5DDE}.Release|x64.Build.0 = Release|Any CPU
		{08766652-234C-4569-B2F0-AC0BB5AB5DDE}.Release|x86.ActiveCfg = Release|Any CPU
		{08766652-234C-4569-B2F0-AC0BB5AB5DDE}.Release|x86.Build.0 = Release|Any CPU
	EndGlobalSection
EndGlobal
